
Microsoft Visual Studio Solution File, Format Version 12.00
# Visual Studio Version 16
VisualStudioVersion = 16.0.29424.173
MinimumVisualStudioVersion = 10.0.40219.1
Project("{FAE04EC0-301F-11D3-BF4B-00C04F79EFBC}") = "HeapSort", "ConsoleApp146\HeapSort.csproj", "{3290FE64-8583-4FD5-9493-9C89D62EE886}"
EndProject
Global
	GlobalSection(SolutionConfigurationPlatforms) = preSolution
		Debug|Any CPU = Debug|Any CPU
		Release|Any CPU = Release|Any CPU
	EndGlobalSection
	GlobalSection(ProjectConfigurationPlatforms) = postSolution
		{3290FE64-8583-4FD5-9493-9C89D62EE886}.Debug|Any CPU.ActiveCfg = Debug|Any CPU
		{3290FE64-8583-4FD5-9493-9C89D62EE886}.Debug|Any CPU.Build.0 = Debug|Any CPU
		{3290FE64-8583-4FD5-9493-9C89D62EE886}.Release|Any CPU.ActiveCfg = Release|Any CPU
		{3290FE64-8583-4FD5-9493-9C89D62EE886}.Release|Any CPU.Build.0 = Release|Any CPU
	EndGlobalSection
	GlobalSection(SolutionProperties) = preSolution
		HideSolutionNode = FALSE
	EndGlobalSection
	GlobalSection(ExtensibilityGlobals) = postSolution
		SolutionGuid = {6E939539-770F-4D10-81DD-7442C6C32C77}
	EndGlobalSection
EndGlobal
